
Microsoft Visual Studio Solution File, Format Version 12.00
# Visual Studio Version 17
VisualStudioVersion = 17.4.33122.133
MinimumVisualStudioVersion = 10.0.40219.1
Project("{FAE04EC0-301F-11D3-BF4B-00C04F79EFBC}") = "SimpleWebApp", "SimpleWebApp.csproj", "{873DB872-FFCE-4F74-8E8B-DA136C0BDDC3}"
EndProject
Project("{2150E333-8FDC-42A3-9474-1A3956D46DE8}") = "Domains", "Domains", "{AF485C50-AC11-43F7-BDD0-930A1FD1F53F}"
EndProject
Project("{FAE04EC0-301F-11D3-BF4B-00C04F79EFBC}") = "SimpleWebApp.Domain", "..\Domains\SimpleWebApp.Domain\SimpleWebApp.Domain.csproj", "{B1BCE0F4-9A45-4C10-A393-849733284AC6}"
EndProject
Project("{2150E333-8FDC-42A3-9474-1A3956D46DE8}") = "Infrastuctures", "Infrastuctures", "{A8D5E358-AAEF-4B4B-A257-D1801D26FA95}"
EndProject
Project("{FAE04EC0-301F-11D3-BF4B-00C04F79EFBC}") = "SimpleWebApp.Infrastructure", "..\Infrastuctures\SimpleWebApp.Infrastructure\SimpleWebApp.Infrastructure.csproj", "{D7752526-62A4-44BB-ACD6-983993A5482C}"
EndProject
Global
	GlobalSection(SolutionConfigurationPlatforms) = preSolution
		Debug|Any CPU = Debug|Any CPU
		Release|Any CPU = Release|Any CPU
	EndGlobalSection
	GlobalSection(ProjectConfigurationPlatforms) = postSolution
		{873DB872-FFCE-4F74-8E8B-DA136C0BDDC3}.Debug|Any CPU.ActiveCfg = Debug|Any CPU
		{873DB872-FFCE-4F74-8E8B-DA136C0BDDC3}.Debug|Any CPU.Build.0 = Debug|Any CPU
		{873DB872-FFCE-4F74-8E8B-DA136C0BDDC3}.Release|Any CPU.ActiveCfg = Release|Any CPU
		{873DB872-FFCE-4F74-8E8B-DA136C0BDDC3}.Release|Any CPU.Build.0 = Release|Any CPU
		{B1BCE0F4-9A45-4C10-A393-849733284AC6}.Debug|Any CPU.ActiveCfg = Debug|Any CPU
		{B1BCE0F4-9A45-4C10-A393-849733284AC6}.Debug|Any CPU.Build.0 = Debug|Any CPU
		{B1BCE0F4-9A45-4C10-A393-849733284AC6}.Release|Any CPU.ActiveCfg = Release|Any CPU
		{B1BCE0F4-9A45-4C10-A393-849733284AC6}.Release|Any CPU.Build.0 = Release|Any CPU
		{D7752526-62A4-44BB-ACD6-983993A5482C}.Debug|Any CPU.ActiveCfg = Debug|Any CPU
		{D7752526-62A4-44BB-ACD6-983993A5482C}.Debug|Any CPU.Build.0 = Debug|Any CPU
		{D7752526-62A4-44BB-ACD6-983993A5482C}.Release|Any CPU.ActiveCfg = Release|Any CPU
		{D7752526-62A4-44BB-ACD6-983993A5482C}.Release|Any CPU.Build.0 = Release|Any CPU
	EndGlobalSection
	GlobalSection(SolutionProperties) = preSolution
		HideSolutionNode = FALSE
	EndGlobalSection
	GlobalSection(NestedProjects) = preSolution
		{B1BCE0F4-9A45-4C10-A393-849733284AC6} = {AF485C50-AC11-43F7-BDD0-930A1FD1F53F}
		{D7752526-62A4-44BB-ACD6-983993A5482C} = {A8D5E358-AAEF-4B4B-A257-D1801D26FA95}
	EndGlobalSection
	GlobalSection(ExtensibilityGlobals) = postSolution
		SolutionGuid = {0BEE30D7-87AC-444F-8569-9CD048DED77E}
	EndGlobalSection
EndGlobal
